
Microsoft Visual Studio Solution File, Format Version 12.00
# Visual Studio Version 17
VisualStudioVersion = 17.0.31903.59
MinimumVisualStudioVersion = 10.0.40219.1
Project("{2150E333-8FDC-42A3-9474-1A3956D46DE8}") = "src", "src", "{0AECDE3C-E68D-45FC-8C53-6D792F43894D}"
EndProject
Project("{FAE04EC0-301F-11D3-BF4B-00C04F79EFBC}") = "WebApi", "src\WebApi\WebApi.csproj", "{FF03761F-944A-4568-876D-DF6B7050365D}"
EndProject
Project("{2150E333-8FDC-42A3-9474-1A3956D46DE8}") = "test", "test", "{C39F8D8D-5E1F-4424-91EB-331D7094EC91}"
EndProject
Project("{FAE04EC0-301F-11D3-BF4B-00C04F79EFBC}") = "WebApiTests", "test\WebApiTests\WebApiTests.csproj", "{FFCA2F6C-4724-478B-9661-F39735230E28}"
EndProject
Global
	GlobalSection(SolutionConfigurationPlatforms) = preSolution
		Debug|Any CPU = Debug|Any CPU
		Release|Any CPU = Release|Any CPU
	EndGlobalSection
	GlobalSection(SolutionProperties) = preSolution
		HideSolutionNode = FALSE
	EndGlobalSection
	GlobalSection(ProjectConfigurationPlatforms) = postSolution
		{FF03761F-944A-4568-876D-DF6B7050365D}.Debug|Any CPU.ActiveCfg = Debug|Any CPU
		{FF03761F-944A-4568-876D-DF6B7050365D}.Debug|Any CPU.Build.0 = Debug|Any CPU
		{FF03761F-944A-4568-876D-DF6B7050365D}.Release|Any CPU.ActiveCfg = Release|Any CPU
		{FF03761F-944A-4568-876D-DF6B7050365D}.Release|Any CPU.Build.0 = Release|Any CPU
		{FFCA2F6C-4724-478B-9661-F39735230E28}.Debug|Any CPU.ActiveCfg = Debug|Any CPU
		{FFCA2F6C-4724-478B-9661-F39735230E28}.Debug|Any CPU.Build.0 = Debug|Any CPU
		{FFCA2F6C-4724-478B-9661-F39735230E28}.Release|Any CPU.ActiveCfg = Release|Any CPU
		{FFCA2F6C-4724-478B-9661-F39735230E28}.Release|Any CPU.Build.0 = Release|Any CPU
	EndGlobalSection
	GlobalSection(NestedProjects) = preSolution
		{FF03761F-944A-4568-876D-DF6B7050365D} = {0AECDE3C-E68D-45FC-8C53-6D792F43894D}
		{FFCA2F6C-4724-478B-9661-F39735230E28} = {C39F8D8D-5E1F-4424-91EB-331D7094EC91}
	EndGlobalSection
EndGlobal
